// !$*UTF8*$!
{
	archiveVersion = 1;
	classes = {
	};
	objectVersion = 48;
	objects = {

/* Begin PBXBuildFile section */
		353EE31E1FD9C98000124246 /* AppDelegate.swift in Sources */ = {isa = PBXBuildFile; fileRef = 353EE31D1FD9C98000124246 /* AppDelegate.swift */; };
		353EE3231FD9C98000124246 /* Main.storyboard in Resources */ = {isa = PBXBuildFile; fileRef = 353EE3211FD9C98000124246 /* Main.storyboard */; };
		353EE3251FD9C98000124246 /* Assets.xcassets in Resources */ = {isa = PBXBuildFile; fileRef = 353EE3241FD9C98000124246 /* Assets.xcassets */; };
		353EE3281FD9C98000124246 /* LaunchScreen.storyboard in Resources */ = {isa = PBXBuildFile; fileRef = 353EE3261FD9C98000124246 /* LaunchScreen.storyboard */; };
		353EE3321FD9C9FE00124246 /* Model.xcdatamodeld in Sources */ = {isa = PBXBuildFile; fileRef = 353EE3301FD9C9FE00124246 /* Model.xcdatamodeld */; };
		353EE3431FD9CDC700124246 /* GCDBlackbox.swift in Sources */ = {isa = PBXBuildFile; fileRef = 353EE3421FD9CDC700124246 /* GCDBlackbox.swift */; };
		353EE3461FD9CE4500124246 /* MyActivityIndicator.swift in Sources */ = {isa = PBXBuildFile; fileRef = 353EE3451FD9CE4500124246 /* MyActivityIndicator.swift */; };
		353EE3481FD9CE7100124246 /* Constants.swift in Sources */ = {isa = PBXBuildFile; fileRef = 353EE3471FD9CE7100124246 /* Constants.swift */; };
		353EE34B1FD9D16700124246 /* FlickrConstants.swift in Sources */ = {isa = PBXBuildFile; fileRef = 353EE34A1FD9D16700124246 /* FlickrConstants.swift */; };
		353EE34D1FD9D17A00124246 /* FlickrClient.swift in Sources */ = {isa = PBXBuildFile; fileRef = 353EE34C1FD9D17A00124246 /* FlickrClient.swift */; };
		353EE34F1FD9D18E00124246 /* FlickrConv.swift in Sources */ = {isa = PBXBuildFile; fileRef = 353EE34E1FD9D18E00124246 /* FlickrConv.swift */; };
		353EE3521FD9D46200124246 /* MapPinViewController.swift in Sources */ = {isa = PBXBuildFile; fileRef = 353EE3511FD9D46200124246 /* MapPinViewController.swift */; };
		353EE3581FDA353600124246 /* PhotoAlbumViewController.swift in Sources */ = {isa = PBXBuildFile; fileRef = 353EE3571FDA353600124246 /* PhotoAlbumViewController.swift */; };
		353EE37A1FDA4C9A00124246 /* Utils.swift in Sources */ = {isa = PBXBuildFile; fileRef = 353EE3791FDA4C9A00124246 /* Utils.swift */; };
		353EE37C1FDA4CB900124246 /* CoreDataStack.swift in Sources */ = {isa = PBXBuildFile; fileRef = 353EE37B1FDA4CB900124246 /* CoreDataStack.swift */; };
		353EE3811FDA4CD900124246 /* Pin.swift in Sources */ = {isa = PBXBuildFile; fileRef = 353EE37D1FDA4CD900124246 /* Pin.swift */; };
		353EE3831FDA4CD900124246 /* Photo.swift in Sources */ = {isa = PBXBuildFile; fileRef = 353EE37F1FDA4CD900124246 /* Photo.swift */; };
		353EE3861FDAE1B000124246 /* DataUtils.swift in Sources */ = {isa = PBXBuildFile; fileRef = 353EE3851FDAE1B000124246 /* DataUtils.swift */; };
		353EE3881FDB2EB700124246 /* AlbumCollectionViewCell.swift in Sources */ = {isa = PBXBuildFile; fileRef = 353EE3871FDB2EB700124246 /* AlbumCollectionViewCell.swift */; };
		35654B831FDB86B0008BE143 /* Pin+CoreDataProperties.swift in Sources */ = {isa = PBXBuildFile; fileRef = 35654B7F1FDB86B0008BE143 /* Pin+CoreDataProperties.swift */; };
		35AD0FE71FDCCB3400226FE3 /* NoPhotosView.swift in Sources */ = {isa = PBXBuildFile; fileRef = 35AD0FE61FDCCB3400226FE3 /* NoPhotosView.swift */; };
		35AD0FED1FDCDA2500226FE3 /* Photo+CoreDataProperties.swift in Sources */ = {isa = PBXBuildFile; fileRef = 35AD0FEB1FDCDA2500226FE3 /* Photo+CoreDataProperties.swift */; };
/* End PBXBuildFile section */

/* Begin PBXFileReference section */
		353EE31A1FD9C98000124246 /* Virtual Tourist.app */ = {isa = PBXFileReference; explicitFileType = wrapper.application; includeInIndex = 0; path = "Virtual Tourist.app"; sourceTree = BUILT_PRODUCTS_DIR; };
		353EE31D1FD9C98000124246 /* AppDelegate.swift */ = {isa = PBXFileReference; lastKnownFileType = sourcecode.swift; path = AppDelegate.swift; sourceTree = "<group>"; };
		353EE3221FD9C98000124246 /* Base */ = {isa = PBXFileReference; lastKnownFileType = file.storyboard; name = Base; path = Base.lproj/Main.storyboard; sourceTree = "<group>"; };
		353EE3241FD9C98000124246 /* Assets.xcassets */ = {isa = PBXFileReference; lastKnownFileType = folder.assetcatalog; path = Assets.xcassets; sourceTree = "<group>"; };
		353EE3271FD9C98000124246 /* Base */ = {isa = PBXFileReference; lastKnownFileType = file.storyboard; name = Base; path = Base.lproj/LaunchScreen.storyboard; sourceTree = "<group>"; };
		353EE3291FD9C98000124246 /* Info.plist */ = {isa = PBXFileReference; lastKnownFileType = text.plist.xml; path = Info.plist; sourceTree = "<group>"; };
		353EE3311FD9C9FE00124246 /* Model.xcdatamodel */ = {isa = PBXFileReference; lastKnownFileType = wrapper.xcdatamodel; path = Model.xcdatamodel; sourceTree = "<group>"; };
		353EE3421FD9CDC700124246 /* GCDBlackbox.swift */ = {isa = PBXFileReference; lastKnownFileType = sourcecode.swift; path = GCDBlackbox.swift; sourceTree = "<group>"; };
		353EE3451FD9CE4500124246 /* MyActivityIndicator.swift */ = {isa = PBXFileReference; lastKnownFileType = sourcecode.swift; path = MyActivityIndicator.swift; sourceTree = "<group>"; };
		353EE3471FD9CE7100124246 /* Constants.swift */ = {isa = PBXFileReference; lastKnownFileType = sourcecode.swift; path = Constants.swift; sourceTree = "<group>"; };
		353EE34A1FD9D16700124246 /* FlickrConstants.swift */ = {isa = PBXFileReference; lastKnownFileType = sourcecode.swift; path = FlickrConstants.swift; sourceTree = "<group>"; };
		353EE34C1FD9D17A00124246 /* FlickrClient.swift */ = {isa = PBXFileReference; lastKnownFileType = sourcecode.swift; path = FlickrClient.swift; sourceTree = "<group>"; };
		353EE34E1FD9D18E00124246 /* FlickrConv.swift */ = {isa = PBXFileReference; lastKnownFileType = sourcecode.swift; path = FlickrConv.swift; sourceTree = "<group>"; };
		353EE3511FD9D46200124246 /* MapPinViewController.swift */ = {isa = PBXFileReference; lastKnownFileType = sourcecode.swift; path = MapPinViewController.swift; sourceTree = "<group>"; };
		353EE3571FDA353600124246 /* PhotoAlbumViewController.swift */ = {isa = PBXFileReference; lastKnownFileType = sourcecode.swift; path = PhotoAlbumViewController.swift; sourceTree = "<group>"; };
		353EE3791FDA4C9A00124246 /* Utils.swift */ = {isa = PBXFileReference; lastKnownFileType = sourcecode.swift; name = Utils.swift; path = "Virtual Tourist/Utils.swift"; sourceTree = SOURCE_ROOT; };
		353EE37B1FDA4CB900124246 /* CoreDataStack.swift */ = {isa = PBXFileReference; lastKnownFileType = sourcecode.swift; path = CoreDataStack.swift; sourceTree = "<group>"; };
		353EE37D1FDA4CD900124246 /* Pin.swift */ = {isa = PBXFileReference; lastKnownFileType = sourcecode.swift; path = Pin.swift; sourceTree = "<group>"; };
		353EE37F1FDA4CD900124246 /* Photo.swift */ = {isa = PBXFileReference; lastKnownFileType = sourcecode.swift; path = Photo.swift; sourceTree = "<group>"; };
		353EE3851FDAE1B000124246 /* DataUtils.swift */ = {isa = PBXFileReference; lastKnownFileType = sourcecode.swift; path = DataUtils.swift; sourceTree = "<group>"; };
		353EE3871FDB2EB700124246 /* AlbumCollectionViewCell.swift */ = {isa = PBXFileReference; lastKnownFileType = sourcecode.swift; path = AlbumCollectionViewCell.swift; sourceTree = "<group>"; };
		35654B7F1FDB86B0008BE143 /* Pin+CoreDataProperties.swift */ = {isa = PBXFileReference; lastKnownFileType = sourcecode.swift; path = "Pin+CoreDataProperties.swift"; sourceTree = "<group>"; };
		35AD0FE61FDCCB3400226FE3 /* NoPhotosView.swift */ = {isa = PBXFileReference; lastKnownFileType = sourcecode.swift; path = NoPhotosView.swift; sourceTree = "<group>"; };
		35AD0FEB1FDCDA2500226FE3 /* Photo+CoreDataProperties.swift */ = {isa = PBXFileReference; lastKnownFileType = sourcecode.swift; path = "Photo+CoreDataProperties.swift"; sourceTree = "<group>"; };
/* End PBXFileReference section */

/* Begin PBXFrameworksBuildPhase section */
		353EE3171FD9C98000124246 /* Frameworks */ = {
			isa = PBXFrameworksBuildPhase;
			buildActionMask = 2147483647;
			files = (
			);
			runOnlyForDeploymentPostprocessing = 0;
		};
/* End PBXFrameworksBuildPhase section */

/* Begin PBXGroup section */
		353EE3111FD9C98000124246 = {
			isa = PBXGroup;
			children = (
				353EE31C1FD9C98000124246 /* Virtual Tourist */,
				353EE31B1FD9C98000124246 /* Products */,
			);
			sourceTree = "<group>";
		};
		353EE31B1FD9C98000124246 /* Products */ = {
			isa = PBXGroup;
			children = (
				353EE31A1FD9C98000124246 /* Virtual Tourist.app */,
			);
			name = Products;
			sourceTree = "<group>";
		};
		353EE31C1FD9C98000124246 /* Virtual Tourist */ = {
			isa = PBXGroup;
			children = (
				353EE3501FD9D22A00124246 /* Supporting Files */,
				353EE3441FD9CDE500124246 /* View */,
				353EE3401FD9CD8D00124246 /* Client */,
				353EE33F1FD9CD7A00124246 /* Controller */,
				353EE32F1FD9C9C100124246 /* Model */,
				353EE3791FDA4C9A00124246 /* Utils.swift */,
				353EE3241FD9C98000124246 /* Assets.xcassets */,
			);
			path = "Virtual Tourist";
			sourceTree = "<group>";
		};
		353EE32F1FD9C9C100124246 /* Model */ = {
			isa = PBXGroup;
			children = (
				35AD0FEB1FDCDA2500226FE3 /* Photo+CoreDataProperties.swift */,
				35654B7F1FDB86B0008BE143 /* Pin+CoreDataProperties.swift */,
				353EE37D1FDA4CD900124246 /* Pin.swift */,
				353EE37F1FDA4CD900124246 /* Photo.swift */,
				353EE3301FD9C9FE00124246 /* Model.xcdatamodeld */,
				353EE37B1FDA4CB900124246 /* CoreDataStack.swift */,
				353EE3851FDAE1B000124246 /* DataUtils.swift */,
			);
			name = Model;
			path = "New Group";
			sourceTree = "<group>";
		};
		353EE33F1FD9CD7A00124246 /* Controller */ = {
			isa = PBXGroup;
			children = (
				353EE3511FD9D46200124246 /* MapPinViewController.swift */,
				353EE3571FDA353600124246 /* PhotoAlbumViewController.swift */,
			);
			path = Controller;
			sourceTree = "<group>";
		};
		353EE3401FD9CD8D00124246 /* Client */ = {
			isa = PBXGroup;
			children = (
				353EE3491FD9CF1000124246 /* Flickr */,
			);
			path = Client;
			sourceTree = "<group>";
		};
		353EE3441FD9CDE500124246 /* View */ = {
			isa = PBXGroup;
			children = (
				353EE3451FD9CE4500124246 /* MyActivityIndicator.swift */,
				353EE3871FDB2EB700124246 /* AlbumCollectionViewCell.swift */,
				35AD0FE61FDCCB3400226FE3 /* NoPhotosView.swift */,
			);
			path = View;
			sourceTree = "<group>";
		};
		353EE3491FD9CF1000124246 /* Flickr */ = {
			isa = PBXGroup;
			children = (
				353EE34A1FD9D16700124246 /* FlickrConstants.swift */,
				353EE34C1FD9D17A00124246 /* FlickrClient.swift */,
				353EE34E1FD9D18E00124246 /* FlickrConv.swift */,
			);
			name = Flickr;
			sourceTree = "<group>";
		};
		353EE3501FD9D22A00124246 /* Supporting Files */ = {
			isa = PBXGroup;
			children = (
				353EE31D1FD9C98000124246 /* AppDelegate.swift */,
				353EE3211FD9C98000124246 /* Main.storyboard */,
				353EE3261FD9C98000124246 /* LaunchScreen.storyboard */,
				353EE3291FD9C98000124246 /* Info.plist */,
				353EE3421FD9CDC700124246 /* GCDBlackbox.swift */,
				353EE3471FD9CE7100124246 /* Constants.swift */,
			);
			name = "Supporting Files";
			sourceTree = "<group>";
		};
/* End PBXGroup section */

/* Begin PBXNativeTarget section */
		353EE3191FD9C98000124246 /* Virtual Tourist */ = {
			isa = PBXNativeTarget;
			buildConfigurationList = 353EE32C1FD9C98000124246 /* Build configuration list for PBXNativeTarget "Virtual Tourist" */;
			buildPhases = (
				353EE3161FD9C98000124246 /* Sources */,
				353EE3171FD9C98000124246 /* Frameworks */,
				353EE3181FD9C98000124246 /* Resources */,
			);
			buildRules = (
			);
			dependencies = (
			);
			name = "Virtual Tourist";
			productName = "Virtual Tourist";
			productReference = 353EE31A1FD9C98000124246 /* Virtual Tourist.app */;
			productType = "com.apple.product-type.application";
		};
/* End PBXNativeTarget section */

/* Begin PBXProject section */
		353EE3121FD9C98000124246 /* Project object */ = {
			isa = PBXProject;
			attributes = {
				LastSwiftUpdateCheck = 0920;
				LastUpgradeCheck = 0920;
				ORGANIZATIONNAME = "Dane Miller";
				TargetAttributes = {
					353EE3191FD9C98000124246 = {
						CreatedOnToolsVersion = 9.2;
						ProvisioningStyle = Automatic;
					};
				};
			};
			buildConfigurationList = 353EE3151FD9C98000124246 /* Build configuration list for PBXProject "Virtual Tourist" */;
			compatibilityVersion = "Xcode 8.0";
			developmentRegion = en;
			hasScannedForEncodings = 0;
			knownRegions = (
				en,
				Base,
			);
			mainGroup = 353EE3111FD9C98000124246;
			productRefGroup = 353EE31B1FD9C98000124246 /* Products */;
			projectDirPath = "";
			projectRoot = "";
			targets = (
				353EE3191FD9C98000124246 /* Virtual Tourist */,
			);
		};
/* End PBXProject section */

/* Begin PBXResourcesBuildPhase section */
		353EE3181FD9C98000124246 /* Resources */ = {
			isa = PBXResourcesBuildPhase;
			buildActionMask = 2147483647;
			files = (
				353EE3281FD9C98000124246 /* LaunchScreen.storyboard in Resources */,
				353EE3251FD9C98000124246 /* Assets.xcassets in Resources */,
				353EE3231FD9C98000124246 /* Main.storyboard in Resources */,
			);
			runOnlyForDeploymentPostprocessing = 0;
		};
/* End PBXResourcesBuildPhase section */

/* Begin PBXSourcesBuildPhase section */
		353EE3161FD9C98000124246 /* Sources */ = {
			isa = PBXSourcesBuildPhase;
			buildActionMask = 2147483647;
			files = (
				353EE3481FD9CE7100124246 /* Constants.swift in Sources */,
				353EE3581FDA353600124246 /* PhotoAlbumViewController.swift in Sources */,
				353EE3431FD9CDC700124246 /* GCDBlackbox.swift in Sources */,
				353EE3881FDB2EB700124246 /* AlbumCollectionViewCell.swift in Sources */,
				353EE3461FD9CE4500124246 /* MyActivityIndicator.swift in Sources */,
				353EE34D1FD9D17A00124246 /* FlickrClient.swift in Sources */,
				353EE3811FDA4CD900124246 /* Pin.swift in Sources */,
				35AD0FED1FDCDA2500226FE3 /* Photo+CoreDataProperties.swift in Sources */,
				353EE37A1FDA4C9A00124246 /* Utils.swift in Sources */,
				353EE37C1FDA4CB900124246 /* CoreDataStack.swift in Sources */,
				353EE3861FDAE1B000124246 /* DataUtils.swift in Sources */,
				353EE31E1FD9C98000124246 /* AppDelegate.swift in Sources */,
				35654B831FDB86B0008BE143 /* Pin+CoreDataProperties.swift in Sources */,
				353EE3521FD9D46200124246 /* MapPinViewController.swift in Sources */,
				353EE3831FDA4CD900124246 /* Photo.swift in Sources */,
				353EE34B1FD9D16700124246 /* FlickrConstants.swift in Sources */,
				353EE3321FD9C9FE00124246 /* Model.xcdatamodeld in Sources */,
				35AD0FE71FDCCB3400226FE3 /* NoPhotosView.swift in Sources */,
				353EE34F1FD9D18E00124246 /* FlickrConv.swift in Sources */,
			);
			runOnlyForDeploymentPostprocessing = 0;
		};
/* End PBXSourcesBuildPhase section */

/* Begin PBXVariantGroup section */
		353EE3211FD9C98000124246 /* Main.storyboard */ = {
			isa = PBXVariantGroup;
			children = (
				353EE3221FD9C98000124246 /* Base */,
			);
			name = Main.storyboard;
			sourceTree = "<group>";
		};
		353EE3261FD9C98000124246 /* LaunchScreen.storyboard */ = {
			isa = PBXVariantGroup;
			children = (
				353EE3271FD9C98000124246 /* Base */,
			);
			name = LaunchScreen.storyboard;
			sourceTree = "<group>";
		};
/* End PBXVariantGroup section */

/* Begin XCBuildConfiguration section */
		353EE32A1FD9C98000124246 /* Debug */ = {
			isa = XCBuildConfiguration;
			buildSettings = {
				ALWAYS_SEARCH_USER_PATHS = NO;
				CLANG_ANALYZER_NONNULL = YES;
				CLANG_ANALYZER_NUMBER_OBJECT_CONVERSION = YES_AGGRESSIVE;
				CLANG_CXX_LANGUAGE_STANDARD = "gnu++14";
				CLANG_CXX_LIBRARY = "libc++";
				CLANG_ENABLE_MODULES = YES;
				CLANG_ENABLE_OBJC_ARC = YES;
				CLANG_WARN_BLOCK_CAPTURE_AUTORELEASING = YES;
				CLANG_WARN_BOOL_CONVERSION = YES;
				CLANG_WARN_COMMA = YES;
				CLANG_WARN_CONSTANT_CONVERSION = YES;
				CLANG_WARN_DIRECT_OBJC_ISA_USAGE = YES_ERROR;
				CLANG_WARN_DOCUMENTATION_COMMENTS = YES;
				CLANG_WARN_EMPTY_BODY = YES;
				CLANG_WARN_ENUM_CONVERSION = YES;
				CLANG_WARN_INFINITE_RECURSION = YES;
				CLANG_WARN_INT_CONVERSION = YES;
				CLANG_WARN_NON_LITERAL_NULL_CONVERSION = YES;
				CLANG_WARN_OBJC_LITERAL_CONVERSION = YES;
				CLANG_WARN_OBJC_ROOT_CLASS = YES_ERROR;
				CLANG_WARN_RANGE_LOOP_ANALYSIS = YES;
				CLANG_WARN_STRICT_PROTOTYPES = YES;
				CLANG_WARN_SUSPICIOUS_MOVE = YES;
				CLANG_WARN_UNGUARDED_AVAILABILITY = YES_AGGRESSIVE;
				CLANG_WARN_UNREACHABLE_CODE = YES;
				CLANG_WARN__DUPLICATE_METHOD_MATCH = YES;
				CODE_SIGN_IDENTITY = "iPhone Developer";
				COPY_PHASE_STRIP = NO;
				DEBUG_INFORMATION_FORMAT = dwarf;
				ENABLE_STRICT_OBJC_MSGSEND = YES;
				ENABLE_TESTABILITY = YES;
				GCC_C_LANGUAGE_STANDARD = gnu11;
				GCC_DYNAMIC_NO_PIC = NO;
				GCC_NO_COMMON_BLOCKS = YES;
				GCC_OPTIMIZATION_LEVEL = 0;
				GCC_PREPROCESSOR_DEFINITIONS = (
					"DEBUG=1",
					"$(inherited)",
				);
				GCC_WARN_64_TO_32_BIT_CONVERSION = YES;
				GCC_WARN_ABOUT_RETURN_TYPE = YES_ERROR;
				GCC_WARN_UNDECLARED_SELECTOR = YES;
				GCC_WARN_UNINITIALIZED_AUTOS = YES_AGGRESSIVE;
				GCC_WARN_UNUSED_FUNCTION = YES;
				GCC_WARN_UNUSED_VARIABLE = YES;
				IPHONEOS_DEPLOYMENT_TARGET = 11.2;
				MTL_ENABLE_DEBUG_INFO = YES;
				ONLY_ACTIVE_ARCH = YES;
				SDKROOT = iphoneos;
				SWIFT_ACTIVE_COMPILATION_CONDITIONS = DEBUG;
				SWIFT_OPTIMIZATION_LEVEL = "-Onone";
			};
			name = Debug;
		};
		353EE32B1FD9C98000124246 /* Release */ = {
			isa = XCBuildConfiguration;
			buildSettings = {
				ALWAYS_SEARCH_USER_PATHS = NO;
				CLANG_ANALYZER_NONNULL = YES;
				CLANG_ANALYZER_NUMBER_OBJECT_CONVERSION = YES_AGGRESSIVE;
				CLANG_CXX_LANGUAGE_STANDARD = "gnu++14";
				CLANG_CXX_LIBRARY = "libc++";
				CLANG_ENABLE_MODULES = YES;
				CLANG_ENABLE_OBJC_ARC = YES;
				CLANG_WARN_BLOCK_CAPTURE_AUTORELEASING = YES;
				CLANG_WARN_BOOL_CONVERSION = YES;
				CLANG_WARN_COMMA = YES;
				CLANG_WARN_CONSTANT_CONVERSION = YES;
				CLANG_WARN_DIRECT_OBJC_ISA_USAGE = YES_ERROR;
				CLANG_WARN_DOCUMENTATION_COMMENTS = YES;
				CLANG_WARN_EMPTY_BODY = YES;
				CLANG_WARN_ENUM_CONVERSION = YES;
				CLANG_WARN_INFINITE_RECURSION = YES;
				CLANG_WARN_INT_CONVERSION = YES;
				CLANG_WARN_NON_LITERAL_NULL_CONVERSION = YES;
				CLANG_WARN_OBJC_LITERAL_CONVERSION = YES;
				CLANG_WARN_OBJC_ROOT_CLASS = YES_ERROR;
				CLANG_WARN_RANGE_LOOP_ANALYSIS = YES;
				CLANG_WARN_STRICT_PROTOTYPES = YES;
				CLANG_WARN_SUSPICIOUS_MOVE = YES;
				CLANG_WARN_UNGUARDED_AVAILABILITY = YES_AGGRESSIVE;
				CLANG_WARN_UNREACHABLE_CODE = YES;
				CLANG_WARN__DUPLICATE_METHOD_MATCH = YES;
				CODE_SIGN_IDENTITY = "iPhone Developer";
				COPY_PHASE_STRIP = NO;
				DEBUG_INFORMATION_FORMAT = "dwarf-with-dsym";
				ENABLE_NS_ASSERTIONS = NO;
				ENABLE_STRICT_OBJC_MSGSEND = YES;
				GCC_C_LANGUAGE_STANDARD = gnu11;
				GCC_NO_COMMON_BLOCKS = YES;
				GCC_WARN_64_TO_32_BIT_CONVERSION = YES;
				GCC_WARN_ABOUT_RETURN_TYPE = YES_ERROR;
				GCC_WARN_UNDECLARED_SELECTOR = YES;
				GCC_WARN_UNINITIALIZED_AUTOS = YES_AGGRESSIVE;
				GCC_WARN_UNUSED_FUNCTION = YES;
				GCC_WARN_UNUSED_VARIABLE = YES;
				IPHONEOS_DEPLOYMENT_TARGET = 11.2;
				MTL_ENABLE_DEBUG_INFO = NO;
				SDKROOT = iphoneos;
				SWIFT_OPTIMIZATION_LEVEL = "-Owholemodule";
				VALIDATE_PRODUCT = YES;
			};
			name = Release;
		};
		353EE32D1FD9C98000124246 /* Debug */ = {
			isa = XCBuildConfiguration;
			buildSettings = {
				ASSETCATALOG_COMPILER_APPICON_NAME = AppIcon;
				CODE_SIGN_STYLE = Automatic;
				DEVELOPMENT_TEAM = JVR64PHHU5;
				INFOPLIST_FILE = "Virtual Tourist/Info.plist";
				IPHONEOS_DEPLOYMENT_TARGET = 10.0;
				LD_RUNPATH_SEARCH_PATHS = "$(inherited) @executable_path/Frameworks";
				PRODUCT_BUNDLE_IDENTIFIER = "drellimal2.github.io.Virtual-Tourist";
				PRODUCT_NAME = "$(TARGET_NAME)";
				SWIFT_VERSION = 4.0;
				TARGETED_DEVICE_FAMILY = "1,2";
			};
			name = Debug;
		};
		353EE32E1FD9C98000124246 /* Release */ = {
			isa = XCBuildConfiguration;
			buildSettings = {
				ASSETCATALOG_COMPILER_APPICON_NAME = AppIcon;
				CODE_SIGN_STYLE = Automatic;
				DEVELOPMENT_TEAM = JVR64PHHU5;
				INFOPLIST_FILE = "Virtual Tourist/Info.plist";
				IPHONEOS_DEPLOYMENT_TARGET = 10.0;
				LD_RUNPATH_SEARCH_PATHS = "$(inherited) @executable_path/Frameworks";
				PRODUCT_BUNDLE_IDENTIFIER = "drellimal2.github.io.Virtual-Tourist";
				PRODUCT_NAME = "$(TARGET_NAME)";
				SWIFT_VERSION = 4.0;
				TARGETED_DEVICE_FAMILY = "1,2";
			};
			name = Release;
		};
/* End XCBuildConfiguration section */

/* Begin XCConfigurationList section */
		353EE3151FD9C98000124246 /* Build configuration list for PBXProject "Virtual Tourist" */ = {
			isa = XCConfigurationList;
			buildConfigurations = (
				353EE32A1FD9C98000124246 /* Debug */,
				353EE32B1FD9C98000124246 /* Release */,
			);
			defaultConfigurationIsVisible = 0;
			defaultConfigurationName = Release;
		};
		353EE32C1FD9C98000124246 /* Build configuration list for PBXNativeTarget "Virtual Tourist" */ = {
			isa = XCConfigurationList;
			buildConfigurations = (
				353EE32D1FD9C98000124246 /* Debug */,
				353EE32E1FD9C98000124246 /* Release */,
			);
			defaultConfigurationIsVisible = 0;
			defaultConfigurationName = Release;
		};
/* End XCConfigurationList section */

/* Begin XCVersionGroup section */
		353EE3301FD9C9FE00124246 /* Model.xcdatamodeld */ = {
			isa = XCVersionGroup;
			children = (
				353EE3311FD9C9FE00124246 /* Model.xcdatamodel */,
			);
			currentVersion = 353EE3311FD9C9FE00124246 /* Model.xcdatamodel */;
			name = Model.xcdatamodeld;
			path = ../Model/Model.xcdatamodeld;
			sourceTree = "<group>";
			versionGroupType = wrapper.xcdatamodel;
		};
/* End XCVersionGroup section */
	};
	rootObject = 353EE3121FD9C98000124246 /* Project object */;
}
